
Microsoft Visual Studio Solution File, Format Version 12.00
# Visual Studio Version 17
VisualStudioVersion = 17.4.33205.214
MinimumVisualStudioVersion = 10.0.40219.1
Project("{FAE04EC0-301F-11D3-BF4B-00C04F79EFBC}") = "ePizzaHub.Core", "ePizzaHub.Core\ePizzaHub.Core.csproj", "{A430E415-6DED-427D-886A-7AD850DE84C3}"
EndProject
Project("{FAE04EC0-301F-11D3-BF4B-00C04F79EFBC}") = "ePizzaHub.Models", "ePizzaHub.Models\ePizzaHub.Models.csproj", "{BFD86258-BE6A-461B-914B-FA0500FA7D84}"
EndProject
Project("{FAE04EC0-301F-11D3-BF4B-00C04F79EFBC}") = "ePizzaHub.Services", "ePizzaHub.Services\ePizzaHub.Services.csproj", "{2FA202E4-868C-4A63-AEA0-F31E18CEF0C4}"
EndProject
Project("{FAE04EC0-301F-11D3-BF4B-00C04F79EFBC}") = "ePizzaHub.Respositories", "ePizzaHub.Respositories\ePizzaHub.Respositories.csproj", "{3FDA53BD-7E97-4F4B-9F68-F71BB76329F7}"
EndProject
Project("{FAE04EC0-301F-11D3-BF4B-00C04F79EFBC}") = "ePizzaHub.UI", "ePizzaHub.UI\ePizzaHub.UI.csproj", "{2BB748B8-0D9F-4690-99E6-591391D583C7}"
EndProject
Global
	GlobalSection(SolutionConfigurationPlatforms) = preSolution
		Debug|Any CPU = Debug|Any CPU
		Release|Any CPU = Release|Any CPU
	EndGlobalSection
	GlobalSection(ProjectConfigurationPlatforms) = postSolution
		{A430E415-6DED-427D-886A-7AD850DE84C3}.Debug|Any CPU.ActiveCfg = Debug|Any CPU
		{A430E415-6DED-427D-886A-7AD850DE84C3}.Debug|Any CPU.Build.0 = Debug|Any CPU
		{A430E415-6DED-427D-886A-7AD850DE84C3}.Release|Any CPU.ActiveCfg = Release|Any CPU
		{A430E415-6DED-427D-886A-7AD850DE84C3}.Release|Any CPU.Build.0 = Release|Any CPU
		{BFD86258-BE6A-461B-914B-FA0500FA7D84}.Debug|Any CPU.ActiveCfg = Debug|Any CPU
		{BFD86258-BE6A-461B-914B-FA0500FA7D84}.Debug|Any CPU.Build.0 = Debug|Any CPU
		{BFD86258-BE6A-461B-914B-FA0500FA7D84}.Release|Any CPU.ActiveCfg = Release|Any CPU
		{BFD86258-BE6A-461B-914B-FA0500FA7D84}.Release|Any CPU.Build.0 = Release|Any CPU
		{2FA202E4-868C-4A63-AEA0-F31E18CEF0C4}.Debug|Any CPU.ActiveCfg = Debug|Any CPU
		{2FA202E4-868C-4A63-AEA0-F31E18CEF0C4}.Debug|Any CPU.Build.0 = Debug|Any CPU
		{2FA202E4-868C-4A63-AEA0-F31E18CEF0C4}.Release|Any CPU.ActiveCfg = Release|Any CPU
		{2FA202E4-868C-4A63-AEA0-F31E18CEF0C4}.Release|Any CPU.Build.0 = Release|Any CPU
		{3FDA53BD-7E97-4F4B-9F68-F71BB76329F7}.Debug|Any CPU.ActiveCfg = Debug|Any CPU
		{3FDA53BD-7E97-4F4B-9F68-F71BB76329F7}.Debug|Any CPU.Build.0 = Debug|Any CPU
		{3FDA53BD-7E97-4F4B-9F68-F71BB76329F7}.Release|Any CPU.ActiveCfg = Release|Any CPU
		{3FDA53BD-7E97-4F4B-9F68-F71BB76329F7}.Release|Any CPU.Build.0 = Release|Any CPU
		{2BB748B8-0D9F-4690-99E6-591391D583C7}.Debug|Any CPU.ActiveCfg = Debug|Any CPU
		{2BB748B8-0D9F-4690-99E6-591391D583C7}.Debug|Any CPU.Build.0 = Debug|Any CPU
		{2BB748B8-0D9F-4690-99E6-591391D583C7}.Release|Any CPU.ActiveCfg = Release|Any CPU
		{2BB748B8-0D9F-4690-99E6-591391D583C7}.Release|Any CPU.Build.0 = Release|Any CPU
	EndGlobalSection
	GlobalSection(SolutionProperties) = preSolution
		HideSolutionNode = FALSE
	EndGlobalSection
	GlobalSection(ExtensibilityGlobals) = postSolution
		SolutionGuid = {8889556B-D87A-4889-957B-B401F073ACA2}
	EndGlobalSection
EndGlobal
